// !$*UTF8*$!
{
	archiveVersion = 1;
	classes = {
	};
	objectVersion = 56;
	objects = {

/* Begin PBXBuildFile section */
		600CD7062BDFB44C004B66CA /* AppDelegate.swift in Sources */ = {isa = PBXBuildFile; fileRef = 600CD7052BDFB44C004B66CA /* AppDelegate.swift */; };
		600CD7082BDFB44C004B66CA /* SceneDelegate.swift in Sources */ = {isa = PBXBuildFile; fileRef = 600CD7072BDFB44C004B66CA /* SceneDelegate.swift */; };
		600CD70A2BDFB44C004B66CA /* MainTabbarViewController.swift in Sources */ = {isa = PBXBuildFile; fileRef = 600CD7092BDFB44C004B66CA /* MainTabbarViewController.swift */; };
		600CD70F2BDFB44D004B66CA /* Assets.xcassets in Resources */ = {isa = PBXBuildFile; fileRef = 600CD70E2BDFB44D004B66CA /* Assets.xcassets */; };
		600CD7122BDFB44D004B66CA /* Base in Resources */ = {isa = PBXBuildFile; fileRef = 600CD7112BDFB44D004B66CA /* Base */; };
		603A61D92BDFCDE100FE4F08 /* UIView+Ext.swift in Sources */ = {isa = PBXBuildFile; fileRef = 603A61D82BDFCDE100FE4F08 /* UIView+Ext.swift */; };
		603A61DC2BDFCFD200FE4F08 /* TimelineCell.swift in Sources */ = {isa = PBXBuildFile; fileRef = 603A61DB2BDFCFD200FE4F08 /* TimelineCell.swift */; };
		603A61DF2BDFD07A00FE4F08 /* SnapKit in Frameworks */ = {isa = PBXBuildFile; productRef = 603A61DE2BDFD07A00FE4F08 /* SnapKit */; };
		603A61E12BDFD07A00FE4F08 /* SnapKit-Dynamic in Frameworks */ = {isa = PBXBuildFile; productRef = 603A61E02BDFD07A00FE4F08 /* SnapKit-Dynamic */; };
		603A61E42BDFD0AF00FE4F08 /* AvatarImageView.swift in Sources */ = {isa = PBXBuildFile; fileRef = 603A61E32BDFD0AF00FE4F08 /* AvatarImageView.swift */; };
		603A61E62BDFD2E400FE4F08 /* TTitleLabel.swift in Sources */ = {isa = PBXBuildFile; fileRef = 603A61E52BDFD2E400FE4F08 /* TTitleLabel.swift */; };
		603A61E82BDFD8D600FE4F08 /* TSecondaryTitleLabel.swift in Sources */ = {isa = PBXBuildFile; fileRef = 603A61E72BDFD8D600FE4F08 /* TSecondaryTitleLabel.swift */; };
		603A61EB2BDFDAA700FE4F08 /* TBodyLabel.swift in Sources */ = {isa = PBXBuildFile; fileRef = 603A61EA2BDFDAA700FE4F08 /* TBodyLabel.swift */; };
		60B9BEB32BE0F14200A599FA /* Contants.swift in Sources */ = {isa = PBXBuildFile; fileRef = 60B9BEB22BE0F14200A599FA /* Contants.swift */; };
		60B9BEB52BE103FD00A599FA /* ProfileVC.swift in Sources */ = {isa = PBXBuildFile; fileRef = 60B9BEB42BE103FD00A599FA /* ProfileVC.swift */; };
		60B9BEB82BE1160A00A599FA /* ProfileHeaderView.swift in Sources */ = {isa = PBXBuildFile; fileRef = 60B9BEB72BE1160A00A599FA /* ProfileHeaderView.swift */; };
		60B9BEBA2BE1168300A599FA /* CGFloat+Ext.swift in Sources */ = {isa = PBXBuildFile; fileRef = 60B9BEB92BE1168300A599FA /* CGFloat+Ext.swift */; };
		60C212BA2BDFB85D000CA3D8 /* HomeVC.swift in Sources */ = {isa = PBXBuildFile; fileRef = 60C212B92BDFB85D000CA3D8 /* HomeVC.swift */; };
		60C212BC2BDFB87B000CA3D8 /* SearchVC.swift in Sources */ = {isa = PBXBuildFile; fileRef = 60C212BB2BDFB87B000CA3D8 /* SearchVC.swift */; };
		60C212BE2BDFB890000CA3D8 /* NotificationVC.swift in Sources */ = {isa = PBXBuildFile; fileRef = 60C212BD2BDFB890000CA3D8 /* NotificationVC.swift */; };
		60C212C02BDFB8AD000CA3D8 /* DirectMessagesVC.swift in Sources */ = {isa = PBXBuildFile; fileRef = 60C212BF2BDFB8AD000CA3D8 /* DirectMessagesVC.swift */; };
/* End PBXBuildFile section */

/* Begin PBXFileReference section */
		600CD7022BDFB44C004B66CA /* Twitter-Clone.app */ = {isa = PBXFileReference; explicitFileType = wrapper.application; includeInIndex = 0; path = "Twitter-Clone.app"; sourceTree = BUILT_PRODUCTS_DIR; };
		600CD7052BDFB44C004B66CA /* AppDelegate.swift */ = {isa = PBXFileReference; lastKnownFileType = sourcecode.swift; path = AppDelegate.swift; sourceTree = "<group>"; };
		600CD7072BDFB44C004B66CA /* SceneDelegate.swift */ = {isa = PBXFileReference; lastKnownFileType = sourcecode.swift; path = SceneDelegate.swift; sourceTree = "<group>"; };
		600CD7092BDFB44C004B66CA /* MainTabbarViewController.swift */ = {isa = PBXFileReference; lastKnownFileType = sourcecode.swift; path = MainTabbarViewController.swift; sourceTree = "<group>"; };
		600CD70E2BDFB44D004B66CA /* Assets.xcassets */ = {isa = PBXFileReference; lastKnownFileType = folder.assetcatalog; path = Assets.xcassets; sourceTree = "<group>"; };
		600CD7112BDFB44D004B66CA /* Base */ = {isa = PBXFileReference; lastKnownFileType = file.storyboard; name = Base; path = Base.lproj/LaunchScreen.storyboard; sourceTree = "<group>"; };
		600CD7132BDFB44D004B66CA /* Info.plist */ = {isa = PBXFileReference; lastKnownFileType = text.plist.xml; path = Info.plist; sourceTree = "<group>"; };
		603A61D82BDFCDE100FE4F08 /* UIView+Ext.swift */ = {isa = PBXFileReference; lastKnownFileType = sourcecode.swift; path = "UIView+Ext.swift"; sourceTree = "<group>"; };
		603A61DB2BDFCFD200FE4F08 /* TimelineCell.swift */ = {isa = PBXFileReference; lastKnownFileType = sourcecode.swift; path = TimelineCell.swift; sourceTree = "<group>"; };
		603A61E32BDFD0AF00FE4F08 /* AvatarImageView.swift */ = {isa = PBXFileReference; lastKnownFileType = sourcecode.swift; path = AvatarImageView.swift; sourceTree = "<group>"; };
		603A61E52BDFD2E400FE4F08 /* TTitleLabel.swift */ = {isa = PBXFileReference; lastKnownFileType = sourcecode.swift; path = TTitleLabel.swift; sourceTree = "<group>"; };
		603A61E72BDFD8D600FE4F08 /* TSecondaryTitleLabel.swift */ = {isa = PBXFileReference; lastKnownFileType = sourcecode.swift; path = TSecondaryTitleLabel.swift; sourceTree = "<group>"; };
		603A61EA2BDFDAA700FE4F08 /* TBodyLabel.swift */ = {isa = PBXFileReference; lastKnownFileType = sourcecode.swift; path = TBodyLabel.swift; sourceTree = "<group>"; };
		60B9BEB22BE0F14200A599FA /* Contants.swift */ = {isa = PBXFileReference; lastKnownFileType = sourcecode.swift; path = Contants.swift; sourceTree = "<group>"; };
		60B9BEB42BE103FD00A599FA /* ProfileVC.swift */ = {isa = PBXFileReference; lastKnownFileType = sourcecode.swift; path = ProfileVC.swift; sourceTree = "<group>"; };
		60B9BEB72BE1160A00A599FA /* ProfileHeaderView.swift */ = {isa = PBXFileReference; lastKnownFileType = sourcecode.swift; path = ProfileHeaderView.swift; sourceTree = "<group>"; };
		60B9BEB92BE1168300A599FA /* CGFloat+Ext.swift */ = {isa = PBXFileReference; lastKnownFileType = sourcecode.swift; path = "CGFloat+Ext.swift"; sourceTree = "<group>"; };
		60C212B92BDFB85D000CA3D8 /* HomeVC.swift */ = {isa = PBXFileReference; lastKnownFileType = sourcecode.swift; path = HomeVC.swift; sourceTree = "<group>"; };
		60C212BB2BDFB87B000CA3D8 /* SearchVC.swift */ = {isa = PBXFileReference; lastKnownFileType = sourcecode.swift; path = SearchVC.swift; sourceTree = "<group>"; };
		60C212BD2BDFB890000CA3D8 /* NotificationVC.swift */ = {isa = PBXFileReference; lastKnownFileType = sourcecode.swift; path = NotificationVC.swift; sourceTree = "<group>"; };
		60C212BF2BDFB8AD000CA3D8 /* DirectMessagesVC.swift */ = {isa = PBXFileReference; lastKnownFileType = sourcecode.swift; path = DirectMessagesVC.swift; sourceTree = "<group>"; };
/* End PBXFileReference section */

/* Begin PBXFrameworksBuildPhase section */
		600CD6FF2BDFB44C004B66CA /* Frameworks */ = {
			isa = PBXFrameworksBuildPhase;
			buildActionMask = 2147483647;
			files = (
				603A61DF2BDFD07A00FE4F08 /* SnapKit in Frameworks */,
				603A61E12BDFD07A00FE4F08 /* SnapKit-Dynamic in Frameworks */,
			);
			runOnlyForDeploymentPostprocessing = 0;
		};
/* End PBXFrameworksBuildPhase section */

/* Begin PBXGroup section */
		600CD6F92BDFB44C004B66CA = {
			isa = PBXGroup;
			children = (
				600CD7042BDFB44C004B66CA /* Twitter-Clone */,
				600CD7032BDFB44C004B66CA /* Products */,
			);
			sourceTree = "<group>";
		};
		600CD7032BDFB44C004B66CA /* Products */ = {
			isa = PBXGroup;
			children = (
				600CD7022BDFB44C004B66CA /* Twitter-Clone.app */,
			);
			name = Products;
			sourceTree = "<group>";
		};
		600CD7042BDFB44C004B66CA /* Twitter-Clone */ = {
			isa = PBXGroup;
			children = (
				60B9BEB12BE0F13800A599FA /* Utilities */,
				603A61D72BDFCDD300FE4F08 /* Extenions */,
				60C212B72BDFB838000CA3D8 /* Custom Views */,
				60C212B82BDFB847000CA3D8 /* Core */,
				60C212C12BDFB8E8000CA3D8 /* Support */,
				600CD7132BDFB44D004B66CA /* Info.plist */,
			);
			path = "Twitter-Clone";
			sourceTree = "<group>";
		};
		603A61D72BDFCDD300FE4F08 /* Extenions */ = {
			isa = PBXGroup;
			children = (
				603A61D82BDFCDE100FE4F08 /* UIView+Ext.swift */,
				60B9BEB92BE1168300A599FA /* CGFloat+Ext.swift */,
			);
			path = Extenions;
			sourceTree = "<group>";
		};
		603A61DA2BDFCF5200FE4F08 /* Cells */ = {
			isa = PBXGroup;
			children = (
				603A61DB2BDFCFD200FE4F08 /* TimelineCell.swift */,
			);
			path = Cells;
			sourceTree = "<group>";
		};
		603A61E22BDFD09500FE4F08 /* ImageViews */ = {
			isa = PBXGroup;
			children = (
				603A61E32BDFD0AF00FE4F08 /* AvatarImageView.swift */,
			);
			path = ImageViews;
			sourceTree = "<group>";
		};
		603A61E92BDFD95F00FE4F08 /* Labels */ = {
			isa = PBXGroup;
			children = (
				603A61E52BDFD2E400FE4F08 /* TTitleLabel.swift */,
				603A61E72BDFD8D600FE4F08 /* TSecondaryTitleLabel.swift */,
				603A61EA2BDFDAA700FE4F08 /* TBodyLabel.swift */,
			);
			path = Labels;
			sourceTree = "<group>";
		};
		60B9BEB12BE0F13800A599FA /* Utilities */ = {
			isa = PBXGroup;
			children = (
				60B9BEB22BE0F14200A599FA /* Contants.swift */,
			);
			path = Utilities;
			sourceTree = "<group>";
		};
		60B9BEB62BE115F800A599FA /* Views */ = {
			isa = PBXGroup;
			children = (
				60B9BEB72BE1160A00A599FA /* ProfileHeaderView.swift */,
			);
			path = Views;
			sourceTree = "<group>";
		};
		60C212B72BDFB838000CA3D8 /* Custom Views */ = {
			isa = PBXGroup;
			children = (
				60B9BEB62BE115F800A599FA /* Views */,
				603A61E22BDFD09500FE4F08 /* ImageViews */,
				603A61DA2BDFCF5200FE4F08 /* Cells */,
				60C212C22BDFC4F1000CA3D8 /* Tabbar Controllers */,
				603A61E92BDFD95F00FE4F08 /* Labels */,
			);
			path = "Custom Views";
			sourceTree = "<group>";
		};
		60C212B82BDFB847000CA3D8 /* Core */ = {
			isa = PBXGroup;
			children = (
				60C212B92BDFB85D000CA3D8 /* HomeVC.swift */,
				60C212BB2BDFB87B000CA3D8 /* SearchVC.swift */,
				60C212BD2BDFB890000CA3D8 /* NotificationVC.swift */,
				60C212BF2BDFB8AD000CA3D8 /* DirectMessagesVC.swift */,
				60B9BEB42BE103FD00A599FA /* ProfileVC.swift */,
			);
			path = Core;
			sourceTree = "<group>";
		};
		60C212C12BDFB8E8000CA3D8 /* Support */ = {
			isa = PBXGroup;
			children = (
				600CD7052BDFB44C004B66CA /* AppDelegate.swift */,
				600CD7072BDFB44C004B66CA /* SceneDelegate.swift */,
				600CD70E2BDFB44D004B66CA /* Assets.xcassets */,
				600CD7102BDFB44D004B66CA /* LaunchScreen.storyboard */,
			);
			path = Support;
			sourceTree = "<group>";
		};
		60C212C22BDFC4F1000CA3D8 /* Tabbar Controllers */ = {
			isa = PBXGroup;
			children = (
				600CD7092BDFB44C004B66CA /* MainTabbarViewController.swift */,
			);
			path = "Tabbar Controllers";
			sourceTree = "<group>";
		};
/* End PBXGroup section */

/* Begin PBXNativeTarget section */
		600CD7012BDFB44C004B66CA /* Twitter-Clone */ = {
			isa = PBXNativeTarget;
			buildConfigurationList = 600CD7162BDFB44D004B66CA /* Build configuration list for PBXNativeTarget "Twitter-Clone" */;
			buildPhases = (
				600CD6FE2BDFB44C004B66CA /* Sources */,
				600CD6FF2BDFB44C004B66CA /* Frameworks */,
				600CD7002BDFB44C004B66CA /* Resources */,
			);
			buildRules = (
			);
			dependencies = (
			);
			name = "Twitter-Clone";
			packageProductDependencies = (
				603A61DE2BDFD07A00FE4F08 /* SnapKit */,
				603A61E02BDFD07A00FE4F08 /* SnapKit-Dynamic */,
			);
			productName = "Twitter-Clone";
			productReference = 600CD7022BDFB44C004B66CA /* Twitter-Clone.app */;
			productType = "com.apple.product-type.application";
		};
/* End PBXNativeTarget section */

/* Begin PBXProject section */
		600CD6FA2BDFB44C004B66CA /* Project object */ = {
			isa = PBXProject;
			attributes = {
				BuildIndependentTargetsInParallel = 1;
				LastSwiftUpdateCheck = 1530;
				LastUpgradeCheck = 1530;
				TargetAttributes = {
					600CD7012BDFB44C004B66CA = {
						CreatedOnToolsVersion = 15.3;
					};
				};
			};
			buildConfigurationList = 600CD6FD2BDFB44C004B66CA /* Build configuration list for PBXProject "Twitter-Clone" */;
			compatibilityVersion = "Xcode 14.0";
			developmentRegion = en;
			hasScannedForEncodings = 0;
			knownRegions = (
				en,
				Base,
			);
			mainGroup = 600CD6F92BDFB44C004B66CA;
			packageReferences = (
				603A61DD2BDFD07A00FE4F08 /* XCRemoteSwiftPackageReference "SnapKit" */,
			);
			productRefGroup = 600CD7032BDFB44C004B66CA /* Products */;
			projectDirPath = "";
			projectRoot = "";
			targets = (
				600CD7012BDFB44C004B66CA /* Twitter-Clone */,
			);
		};
/* End PBXProject section */

/* Begin PBXResourcesBuildPhase section */
		600CD7002BDFB44C004B66CA /* Resources */ = {
			isa = PBXResourcesBuildPhase;
			buildActionMask = 2147483647;
			files = (
				600CD70F2BDFB44D004B66CA /* Assets.xcassets in Resources */,
				600CD7122BDFB44D004B66CA /* Base in Resources */,
			);
			runOnlyForDeploymentPostprocessing = 0;
		};
/* End PBXResourcesBuildPhase section */

/* Begin PBXSourcesBuildPhase section */
		600CD6FE2BDFB44C004B66CA /* Sources */ = {
			isa = PBXSourcesBuildPhase;
			buildActionMask = 2147483647;
			files = (
				60B9BEB52BE103FD00A599FA /* ProfileVC.swift in Sources */,
				60B9BEBA2BE1168300A599FA /* CGFloat+Ext.swift in Sources */,
				603A61D92BDFCDE100FE4F08 /* UIView+Ext.swift in Sources */,
				603A61EB2BDFDAA700FE4F08 /* TBodyLabel.swift in Sources */,
				603A61E42BDFD0AF00FE4F08 /* AvatarImageView.swift in Sources */,
				60B9BEB32BE0F14200A599FA /* Contants.swift in Sources */,
				600CD70A2BDFB44C004B66CA /* MainTabbarViewController.swift in Sources */,
				60C212BE2BDFB890000CA3D8 /* NotificationVC.swift in Sources */,
				60B9BEB82BE1160A00A599FA /* ProfileHeaderView.swift in Sources */,
				60C212BC2BDFB87B000CA3D8 /* SearchVC.swift in Sources */,
				60C212BA2BDFB85D000CA3D8 /* HomeVC.swift in Sources */,
				60C212C02BDFB8AD000CA3D8 /* DirectMessagesVC.swift in Sources */,
				603A61DC2BDFCFD200FE4F08 /* TimelineCell.swift in Sources */,
				600CD7062BDFB44C004B66CA /* AppDelegate.swift in Sources */,
				603A61E62BDFD2E400FE4F08 /* TTitleLabel.swift in Sources */,
				600CD7082BDFB44C004B66CA /* SceneDelegate.swift in Sources */,
				603A61E82BDFD8D600FE4F08 /* TSecondaryTitleLabel.swift in Sources */,
			);
			runOnlyForDeploymentPostprocessing = 0;
		};
/* End PBXSourcesBuildPhase section */

/* Begin PBXVariantGroup section */
		600CD7102BDFB44D004B66CA /* LaunchScreen.storyboard */ = {
			isa = PBXVariantGroup;
			children = (
				600CD7112BDFB44D004B66CA /* Base */,
			);
			name = LaunchScreen.storyboard;
			sourceTree = "<group>";
		};
/* End PBXVariantGroup section */

/* Begin XCBuildConfiguration section */
		600CD7142BDFB44D004B66CA /* Debug */ = {
			isa = XCBuildConfiguration;
			buildSettings = {
				ALWAYS_SEARCH_USER_PATHS = NO;
				ASSETCATALOG_COMPILER_GENERATE_SWIFT_ASSET_SYMBOL_EXTENSIONS = YES;
				CLANG_ANALYZER_NONNULL = YES;
				CLANG_ANALYZER_NUMBER_OBJECT_CONVERSION = YES_AGGRESSIVE;
				CLANG_CXX_LANGUAGE_STANDARD = "gnu++20";
				CLANG_ENABLE_MODULES = YES;
				CLANG_ENABLE_OBJC_ARC = YES;
				CLANG_ENABLE_OBJC_WEAK = YES;
				CLANG_WARN_BLOCK_CAPTURE_AUTORELEASING = YES;
				CLANG_WARN_BOOL_CONVERSION = YES;
				CLANG_WARN_COMMA = YES;
				CLANG_WARN_CONSTANT_CONVERSION = YES;
				CLANG_WARN_DEPRECATED_OBJC_IMPLEMENTATIONS = YES;
				CLANG_WARN_DIRECT_OBJC_ISA_USAGE = YES_ERROR;
				CLANG_WARN_DOCUMENTATION_COMMENTS = YES;
				CLANG_WARN_EMPTY_BODY = YES;
				CLANG_WARN_ENUM_CONVERSION = YES;
				CLANG_WARN_INFINITE_RECURSION = YES;
				CLANG_WARN_INT_CONVERSION = YES;
				CLANG_WARN_NON_LITERAL_NULL_CONVERSION = YES;
				CLANG_WARN_OBJC_IMPLICIT_RETAIN_SELF = YES;
				CLANG_WARN_OBJC_LITERAL_CONVERSION = YES;
				CLANG_WARN_OBJC_ROOT_CLASS = YES_ERROR;
				CLANG_WARN_QUOTED_INCLUDE_IN_FRAMEWORK_HEADER = YES;
				CLANG_WARN_RANGE_LOOP_ANALYSIS = YES;
				CLANG_WARN_STRICT_PROTOTYPES = YES;
				CLANG_WARN_SUSPICIOUS_MOVE = YES;
				CLANG_WARN_UNGUARDED_AVAILABILITY = YES_AGGRESSIVE;
				CLANG_WARN_UNREACHABLE_CODE = YES;
				CLANG_WARN__DUPLICATE_METHOD_MATCH = YES;
				COPY_PHASE_STRIP = NO;
				DEBUG_INFORMATION_FORMAT = dwarf;
				ENABLE_STRICT_OBJC_MSGSEND = YES;
				ENABLE_TESTABILITY = YES;
				ENABLE_USER_SCRIPT_SANDBOXING = YES;
				GCC_C_LANGUAGE_STANDARD = gnu17;
				GCC_DYNAMIC_NO_PIC = NO;
				GCC_NO_COMMON_BLOCKS = YES;
				GCC_OPTIMIZATION_LEVEL = 0;
				GCC_PREPROCESSOR_DEFINITIONS = (
					"DEBUG=1",
					"$(inherited)",
				);
				GCC_WARN_64_TO_32_BIT_CONVERSION = YES;
				GCC_WARN_ABOUT_RETURN_TYPE = YES_ERROR;
				GCC_WARN_UNDECLARED_SELECTOR = YES;
				GCC_WARN_UNINITIALIZED_AUTOS = YES_AGGRESSIVE;
				GCC_WARN_UNUSED_FUNCTION = YES;
				GCC_WARN_UNUSED_VARIABLE = YES;
				IPHONEOS_DEPLOYMENT_TARGET = 17.4;
				LOCALIZATION_PREFERS_STRING_CATALOGS = YES;
				MTL_ENABLE_DEBUG_INFO = INCLUDE_SOURCE;
				MTL_FAST_MATH = YES;
				ONLY_ACTIVE_ARCH = YES;
				SDKROOT = iphoneos;
				SWIFT_ACTIVE_COMPILATION_CONDITIONS = "DEBUG $(inherited)";
				SWIFT_OPTIMIZATION_LEVEL = "-Onone";
			};
			name = Debug;
		};
		600CD7152BDFB44D004B66CA /* Release */ = {
			isa = XCBuildConfiguration;
			buildSettings = {
				ALWAYS_SEARCH_USER_PATHS = NO;
				ASSETCATALOG_COMPILER_GENERATE_SWIFT_ASSET_SYMBOL_EXTENSIONS = YES;
				CLANG_ANALYZER_NONNULL = YES;
				CLANG_ANALYZER_NUMBER_OBJECT_CONVERSION = YES_AGGRESSIVE;
				CLANG_CXX_LANGUAGE_STANDARD = "gnu++20";
				CLANG_ENABLE_MODULES = YES;
				CLANG_ENABLE_OBJC_ARC = YES;
				CLANG_ENABLE_OBJC_WEAK = YES;
				CLANG_WARN_BLOCK_CAPTURE_AUTORELEASING = YES;
				CLANG_WARN_BOOL_CONVERSION = YES;
				CLANG_WARN_COMMA = YES;
				CLANG_WARN_CONSTANT_CONVERSION = YES;
				CLANG_WARN_DEPRECATED_OBJC_IMPLEMENTATIONS = YES;
				CLANG_WARN_DIRECT_OBJC_ISA_USAGE = YES_ERROR;
				CLANG_WARN_DOCUMENTATION_COMMENTS = YES;
				CLANG_WARN_EMPTY_BODY = YES;
				CLANG_WARN_ENUM_CONVERSION = YES;
				CLANG_WARN_INFINITE_RECURSION = YES;
				CLANG_WARN_INT_CONVERSION = YES;
				CLANG_WARN_NON_LITERAL_NULL_CONVERSION = YES;
				CLANG_WARN_OBJC_IMPLICIT_RETAIN_SELF = YES;
				CLANG_WARN_OBJC_LITERAL_CONVERSION = YES;
				CLANG_WARN_OBJC_ROOT_CLASS = YES_ERROR;
				CLANG_WARN_QUOTED_INCLUDE_IN_FRAMEWORK_HEADER = YES;
				CLANG_WARN_RANGE_LOOP_ANALYSIS = YES;
				CLANG_WARN_STRICT_PROTOTYPES = YES;
				CLANG_WARN_SUSPICIOUS_MOVE = YES;
				CLANG_WARN_UNGUARDED_AVAILABILITY = YES_AGGRESSIVE;
				CLANG_WARN_UNREACHABLE_CODE = YES;
				CLANG_WARN__DUPLICATE_METHOD_MATCH = YES;
				COPY_PHASE_STRIP = NO;
				DEBUG_INFORMATION_FORMAT = "dwarf-with-dsym";
				ENABLE_NS_ASSERTIONS = NO;
				ENABLE_STRICT_OBJC_MSGSEND = YES;
				ENABLE_USER_SCRIPT_SANDBOXING = YES;
				GCC_C_LANGUAGE_STANDARD = gnu17;
				GCC_NO_COMMON_BLOCKS = YES;
				GCC_WARN_64_TO_32_BIT_CONVERSION = YES;
				GCC_WARN_ABOUT_RETURN_TYPE = YES_ERROR;
				GCC_WARN_UNDECLARED_SELECTOR = YES;
				GCC_WARN_UNINITIALIZED_AUTOS = YES_AGGRESSIVE;
				GCC_WARN_UNUSED_FUNCTION = YES;
				GCC_WARN_UNUSED_VARIABLE = YES;
				IPHONEOS_DEPLOYMENT_TARGET = 17.4;
				LOCALIZATION_PREFERS_STRING_CATALOGS = YES;
				MTL_ENABLE_DEBUG_INFO = NO;
				MTL_FAST_MATH = YES;
				SDKROOT = iphoneos;
				SWIFT_COMPILATION_MODE = wholemodule;
				VALIDATE_PRODUCT = YES;
			};
			name = Release;
		};
		600CD7172BDFB44D004B66CA /* Debug */ = {
			isa = XCBuildConfiguration;
			buildSettings = {
				ASSETCATALOG_COMPILER_APPICON_NAME = AppIcon;
				ASSETCATALOG_COMPILER_GLOBAL_ACCENT_COLOR_NAME = AccentColor;
				CODE_SIGN_STYLE = Automatic;
				CURRENT_PROJECT_VERSION = 1;
				DEVELOPMENT_TEAM = 269T94RP6X;
				GENERATE_INFOPLIST_FILE = YES;
				INFOPLIST_FILE = "Twitter-Clone/Info.plist";
				INFOPLIST_KEY_UIApplicationSupportsIndirectInputEvents = YES;
				INFOPLIST_KEY_UILaunchStoryboardName = LaunchScreen;
				INFOPLIST_KEY_UISupportedInterfaceOrientations_iPad = "UIInterfaceOrientationPortrait UIInterfaceOrientationPortraitUpsideDown UIInterfaceOrientationLandscapeLeft UIInterfaceOrientationLandscapeRight";
				INFOPLIST_KEY_UISupportedInterfaceOrientations_iPhone = "UIInterfaceOrientationPortrait UIInterfaceOrientationLandscapeLeft UIInterfaceOrientationLandscapeRight";
				LD_RUNPATH_SEARCH_PATHS = (
					"$(inherited)",
					"@executable_path/Frameworks",
				);
				MARKETING_VERSION = 1.0;
				PRODUCT_BUNDLE_IDENTIFIER = "com.barissucuoglu.Twitter-Clone";
				PRODUCT_NAME = "$(TARGET_NAME)";
				SWIFT_EMIT_LOC_STRINGS = YES;
				SWIFT_VERSION = 5.0;
				TARGETED_DEVICE_FAMILY = "1,2";
			};
			name = Debug;
		};
		600CD7182BDFB44D004B66CA /* Release */ = {
			isa = XCBuildConfiguration;
			buildSettings = {
				ASSETCATALOG_COMPILER_APPICON_NAME = AppIcon;
				ASSETCATALOG_COMPILER_GLOBAL_ACCENT_COLOR_NAME = AccentColor;
				CODE_SIGN_STYLE = Automatic;
				CURRENT_PROJECT_VERSION = 1;
				DEVELOPMENT_TEAM = 269T94RP6X;
				GENERATE_INFOPLIST_FILE = YES;
				INFOPLIST_FILE = "Twitter-Clone/Info.plist";
				INFOPLIST_KEY_UIApplicationSupportsIndirectInputEvents = YES;
				INFOPLIST_KEY_UILaunchStoryboardName = LaunchScreen;
				INFOPLIST_KEY_UISupportedInterfaceOrientations_iPad = "UIInterfaceOrientationPortrait UIInterfaceOrientationPortraitUpsideDown UIInterfaceOrientationLandscapeLeft UIInterfaceOrientationLandscapeRight";
				INFOPLIST_KEY_UISupportedInterfaceOrientations_iPhone = "UIInterfaceOrientationPortrait UIInterfaceOrientationLandscapeLeft UIInterfaceOrientationLandscapeRight";
				LD_RUNPATH_SEARCH_PATHS = (
					"$(inherited)",
					"@executable_path/Frameworks",
				);
				MARKETING_VERSION = 1.0;
				PRODUCT_BUNDLE_IDENTIFIER = "com.barissucuoglu.Twitter-Clone";
				PRODUCT_NAME = "$(TARGET_NAME)";
				SWIFT_EMIT_LOC_STRINGS = YES;
				SWIFT_VERSION = 5.0;
				TARGETED_DEVICE_FAMILY = "1,2";
			};
			name = Release;
		};
/* End XCBuildConfiguration section */

/* Begin XCConfigurationList section */
		600CD6FD2BDFB44C004B66CA /* Build configuration list for PBXProject "Twitter-Clone" */ = {
			isa = XCConfigurationList;
			buildConfigurations = (
				600CD7142BDFB44D004B66CA /* Debug */,
				600CD7152BDFB44D004B66CA /* Release */,
			);
			defaultConfigurationIsVisible = 0;
			defaultConfigurationName = Release;
		};
		600CD7162BDFB44D004B66CA /* Build configuration list for PBXNativeTarget "Twitter-Clone" */ = {
			isa = XCConfigurationList;
			buildConfigurations = (
				600CD7172BDFB44D004B66CA /* Debug */,
				600CD7182BDFB44D004B66CA /* Release */,
			);
			defaultConfigurationIsVisible = 0;
			defaultConfigurationName = Release;
		};
/* End XCConfigurationList section */

/* Begin XCRemoteSwiftPackageReference section */
		603A61DD2BDFD07A00FE4F08 /* XCRemoteSwiftPackageReference "SnapKit" */ = {
			isa = XCRemoteSwiftPackageReference;
			repositoryURL = "https://github.com/SnapKit/SnapKit.git";
			requirement = {
				kind = upToNextMajorVersion;
				minimumVersion = 5.7.1;
			};
		};
/* End XCRemoteSwiftPackageReference section */

/* Begin XCSwiftPackageProductDependency section */
		603A61DE2BDFD07A00FE4F08 /* SnapKit */ = {
			isa = XCSwiftPackageProductDependency;
			package = 603A61DD2BDFD07A00FE4F08 /* XCRemoteSwiftPackageReference "SnapKit" */;
			productName = SnapKit;
		};
		603A61E02BDFD07A00FE4F08 /* SnapKit-Dynamic */ = {
			isa = XCSwiftPackageProductDependency;
			package = 603A61DD2BDFD07A00FE4F08 /* XCRemoteSwiftPackageReference "SnapKit" */;
			productName = "SnapKit-Dynamic";
		};
/* End XCSwiftPackageProductDependency section */
	};
	rootObject = 600CD6FA2BDFB44C004B66CA /* Project object */;
}
